
Microsoft Visual Studio Solution File, Format Version 12.00
# Visual Studio 14
VisualStudioVersion = 14.0.25420.1
MinimumVisualStudioVersion = 10.0.40219.1
Project("{FAE04EC0-301F-11D3-BF4B-00C04F79EFBC}") = "AtleX.CommandLineArguments", "AtleX.CommandLineArguments\AtleX.CommandLineArguments.csproj", "{EB9149B3-71E5-4B5C-945A-8457BDE1D4A2}"
EndProject
Project("{FAE04EC0-301F-11D3-BF4B-00C04F79EFBC}") = "AtleX.CommandLineArguments.Tests", "AtleX.CommandLineArguments.Tests\AtleX.CommandLineArguments.Tests.csproj", "{E3598130-22DD-445B-8669-F47505D3A3CC}"
EndProject
Project("{FAE04EC0-301F-11D3-BF4B-00C04F79EFBC}") = "AtleX.CommandLineArguments.Benchmarks", "AtleX.CommandLineArguments.Benchmarks\AtleX.CommandLineArguments.Benchmarks.csproj", "{FEEE3FA1-884F-4156-8161-DFF0573D3B54}"
EndProject
Global
	GlobalSection(SolutionConfigurationPlatforms) = preSolution
		Debug|Any CPU = Debug|Any CPU
		Release|Any CPU = Release|Any CPU
	EndGlobalSection
	GlobalSection(ProjectConfigurationPlatforms) = postSolution
		{EB9149B3-71E5-4B5C-945A-8457BDE1D4A2}.Debug|Any CPU.ActiveCfg = Debug|Any CPU
		{EB9149B3-71E5-4B5C-945A-8457BDE1D4A2}.Debug|Any CPU.Build.0 = Debug|Any CPU
		{EB9149B3-71E5-4B5C-945A-8457BDE1D4A2}.Release|Any CPU.ActiveCfg = Release|Any CPU
		{EB9149B3-71E5-4B5C-945A-8457BDE1D4A2}.Release|Any CPU.Build.0 = Release|Any CPU
		{E3598130-22DD-445B-8669-F47505D3A3CC}.Debug|Any CPU.ActiveCfg = Debug|Any CPU
		{E3598130-22DD-445B-8669-F47505D3A3CC}.Debug|Any CPU.Build.0 = Debug|Any CPU
		{E3598130-22DD-445B-8669-F47505D3A3CC}.Release|Any CPU.ActiveCfg = Release|Any CPU
		{E3598130-22DD-445B-8669-F47505D3A3CC}.Release|Any CPU.Build.0 = Release|Any CPU
		{FEEE3FA1-884F-4156-8161-DFF0573D3B54}.Debug|Any CPU.ActiveCfg = Debug|Any CPU
		{FEEE3FA1-884F-4156-8161-DFF0573D3B54}.Debug|Any CPU.Build.0 = Debug|Any CPU
		{FEEE3FA1-884F-4156-8161-DFF0573D3B54}.Release|Any CPU.ActiveCfg = Release|Any CPU
		{FEEE3FA1-884F-4156-8161-DFF0573D3B54}.Release|Any CPU.Build.0 = Release|Any CPU
	EndGlobalSection
	GlobalSection(SolutionProperties) = preSolution
		HideSolutionNode = FALSE
	EndGlobalSection
EndGlobal
